
Microsoft Visual Studio Solution File, Format Version 12.00
# Visual Studio Version 17
VisualStudioVersion = 17.14.36310.24
MinimumVisualStudioVersion = 10.0.40219.1
Project("{FAE04EC0-301F-11D3-BF4B-00C04F79EFBC}") = "BasicBlog.Platform", "BasicBlog.Platform\BasicBlog.Platform.csproj", "{6AD0965D-7D23-4DF1-BD08-DAB5E18B480D}"
EndProject
Project("{2150E333-8FDC-42A3-9474-1A3956D46DE8}") = "Solution Items", "Solution Items", "{8EC462FD-D22E-90A8-E5CE-7E832BA40C5D}"
	ProjectSection(SolutionItems) = preProject
		.gitignore = .gitignore
		render.yaml = render.yaml
	EndProjectSection
EndProject
Global
	GlobalSection(SolutionConfigurationPlatforms) = preSolution
		Debug|Any CPU = Debug|Any CPU
		Release|Any CPU = Release|Any CPU
	EndGlobalSection
	GlobalSection(ProjectConfigurationPlatforms) = postSolution
		{6AD0965D-7D23-4DF1-BD08-DAB5E18B480D}.Debug|Any CPU.ActiveCfg = Debug|Any CPU
		{6AD0965D-7D23-4DF1-BD08-DAB5E18B480D}.Debug|Any CPU.Build.0 = Debug|Any CPU
		{6AD0965D-7D23-4DF1-BD08-DAB5E18B480D}.Release|Any CPU.ActiveCfg = Release|Any CPU
		{6AD0965D-7D23-4DF1-BD08-DAB5E18B480D}.Release|Any CPU.Build.0 = Release|Any CPU
	EndGlobalSection
	GlobalSection(SolutionProperties) = preSolution
		HideSolutionNode = FALSE
	EndGlobalSection
	GlobalSection(ExtensibilityGlobals) = postSolution
		SolutionGuid = {2AE39886-18B5-464E-89A0-5B05AE704D25}
	EndGlobalSection
EndGlobal
